
Microsoft Visual Studio Solution File, Format Version 12.00
# Visual Studio Version 17
VisualStudioVersion = 17.5.002.0
MinimumVisualStudioVersion = 10.0.40219.1
Project("{9A19103F-16F7-4668-BE54-9A1E7A4F7556}") = "pestControlSystemASPFinals", "pestControlSystemASPFinals.csproj", "{9467C9EC-9418-4368-A074-F0AB45DDB7E1}"
EndProject
Global
	GlobalSection(SolutionConfigurationPlatforms) = preSolution
		Debug|Any CPU = Debug|Any CPU
		Release|Any CPU = Release|Any CPU
	EndGlobalSection
	GlobalSection(ProjectConfigurationPlatforms) = postSolution
		{9467C9EC-9418-4368-A074-F0AB45DDB7E1}.Debug|Any CPU.ActiveCfg = Debug|Any CPU
		{9467C9EC-9418-4368-A074-F0AB45DDB7E1}.Debug|Any CPU.Build.0 = Debug|Any CPU
		{9467C9EC-9418-4368-A074-F0AB45DDB7E1}.Release|Any CPU.ActiveCfg = Release|Any CPU
		{9467C9EC-9418-4368-A074-F0AB45DDB7E1}.Release|Any CPU.Build.0 = Release|Any CPU
	EndGlobalSection
	GlobalSection(SolutionProperties) = preSolution
		HideSolutionNode = FALSE
	EndGlobalSection
	GlobalSection(ExtensibilityGlobals) = postSolution
		SolutionGuid = {8F1358CC-EDAE-401F-8E27-C0BB50F49808}
	EndGlobalSection
EndGlobal
